
Microsoft Visual Studio Solution File, Format Version 12.00
Project("{FAE04EC0-301F-11D3-BF4B-00C04F79EFBC}") = "Library.DAL", "Library.DAL\Library.DAL.csproj", "{C6A71639-4247-4384-A75B-EF5E5DB181FF}"
EndProject
Project("{FAE04EC0-301F-11D3-BF4B-00C04F79EFBC}") = "Library.Domain", "Library.Domain\Library.Domain.csproj", "{F42CB1CA-3889-4F47-A9AE-EFE296BC7D84}"
EndProject
Project("{FAE04EC0-301F-11D3-BF4B-00C04F79EFBC}") = "Library.BLL", "Library.BLL\Library.BLL.csproj", "{A5A1BCBB-8DF7-4F59-9BD3-F90D5E476F96}"
EndProject
Project("{FAE04EC0-301F-11D3-BF4B-00C04F79EFBC}") = "Library.WebAPI", "Library.WebAPI\Library.WebAPI.csproj", "{CE6EE328-49F9-4C7C-94F3-45F471DB7591}"
EndProject
Project("{FAE04EC0-301F-11D3-BF4B-00C04F79EFBC}") = "Library.BLL.Tests", "Library.BLL.Tests\Library.BLL.Tests.csproj", "{06391E80-F30C-4153-A193-9B6376449D63}"
EndProject
Global
	GlobalSection(SolutionConfigurationPlatforms) = preSolution
		Debug|Any CPU = Debug|Any CPU
		Release|Any CPU = Release|Any CPU
	EndGlobalSection
	GlobalSection(ProjectConfigurationPlatforms) = postSolution
		{C6A71639-4247-4384-A75B-EF5E5DB181FF}.Debug|Any CPU.ActiveCfg = Debug|Any CPU
		{C6A71639-4247-4384-A75B-EF5E5DB181FF}.Debug|Any CPU.Build.0 = Debug|Any CPU
		{C6A71639-4247-4384-A75B-EF5E5DB181FF}.Release|Any CPU.ActiveCfg = Release|Any CPU
		{C6A71639-4247-4384-A75B-EF5E5DB181FF}.Release|Any CPU.Build.0 = Release|Any CPU
		{F42CB1CA-3889-4F47-A9AE-EFE296BC7D84}.Debug|Any CPU.ActiveCfg = Debug|Any CPU
		{F42CB1CA-3889-4F47-A9AE-EFE296BC7D84}.Debug|Any CPU.Build.0 = Debug|Any CPU
		{F42CB1CA-3889-4F47-A9AE-EFE296BC7D84}.Release|Any CPU.ActiveCfg = Release|Any CPU
		{F42CB1CA-3889-4F47-A9AE-EFE296BC7D84}.Release|Any CPU.Build.0 = Release|Any CPU
		{A5A1BCBB-8DF7-4F59-9BD3-F90D5E476F96}.Debug|Any CPU.ActiveCfg = Debug|Any CPU
		{A5A1BCBB-8DF7-4F59-9BD3-F90D5E476F96}.Debug|Any CPU.Build.0 = Debug|Any CPU
		{A5A1BCBB-8DF7-4F59-9BD3-F90D5E476F96}.Release|Any CPU.ActiveCfg = Release|Any CPU
		{A5A1BCBB-8DF7-4F59-9BD3-F90D5E476F96}.Release|Any CPU.Build.0 = Release|Any CPU
		{CE6EE328-49F9-4C7C-94F3-45F471DB7591}.Debug|Any CPU.ActiveCfg = Debug|Any CPU
		{CE6EE328-49F9-4C7C-94F3-45F471DB7591}.Debug|Any CPU.Build.0 = Debug|Any CPU
		{CE6EE328-49F9-4C7C-94F3-45F471DB7591}.Release|Any CPU.ActiveCfg = Release|Any CPU
		{CE6EE328-49F9-4C7C-94F3-45F471DB7591}.Release|Any CPU.Build.0 = Release|Any CPU
		{06391E80-F30C-4153-A193-9B6376449D63}.Debug|Any CPU.ActiveCfg = Debug|Any CPU
		{06391E80-F30C-4153-A193-9B6376449D63}.Debug|Any CPU.Build.0 = Debug|Any CPU
		{06391E80-F30C-4153-A193-9B6376449D63}.Release|Any CPU.ActiveCfg = Release|Any CPU
		{06391E80-F30C-4153-A193-9B6376449D63}.Release|Any CPU.Build.0 = Release|Any CPU
	EndGlobalSection
EndGlobal
